
Microsoft Visual Studio Solution File, Format Version 12.00
# Visual Studio 14
VisualStudioVersion = 14.0.25420.1
MinimumVisualStudioVersion = 10.0.40219.1
Project("{2150E333-8FDC-42A3-9474-1A3956D46DE8}") = "Creational", "Creational", "{5706856B-6049-4AE8-B7E1-68B92E51950B}"
EndProject
Project("{2150E333-8FDC-42A3-9474-1A3956D46DE8}") = "Structural", "Structural", "{10596DAB-90A4-4F82-8D5D-BEAE99B58381}"
EndProject
Project("{2150E333-8FDC-42A3-9474-1A3956D46DE8}") = "Behavioral", "Behavioral", "{575C8E6F-5B6E-4A98-9BD2-CA2081A7C3B2}"
EndProject
Project("{FAE04EC0-301F-11D3-BF4B-00C04F79EFBC}") = "ch0301_SimpleFactory", "ch0301_SimpleFactory\ch0301_SimpleFactory.csproj", "{3A34EBEE-904A-4B06-AF23-2E0DBDCB190F}"
EndProject
Project("{FAE04EC0-301F-11D3-BF4B-00C04F79EFBC}") = "ch0302_FactoryMethod", "ch0302_FactoryMethod\ch0302_FactoryMethod.csproj", "{C9856D1F-8C98-436D-A129-D8F7B3185D53}"
EndProject
Project("{FAE04EC0-301F-11D3-BF4B-00C04F79EFBC}") = "ch0303_AbstractFactory", "ch0303_AbstractFactory\ch0303_AbstractFactory.csproj", "{CDEB37C8-69DB-43AE-900A-1BBAFE753213}"
EndProject
Project("{FAE04EC0-301F-11D3-BF4B-00C04F79EFBC}") = "ch0304_Builder", "ch0304_Builder\ch0304_Builder.csproj", "{C30B9C2F-30A2-4624-8B72-060F513DB4B9}"
EndProject
Project("{FAE04EC0-301F-11D3-BF4B-00C04F79EFBC}") = "ch0305_Prototype", "ch0305_Prototype\ch0305_Prototype.csproj", "{B55AD379-0AFF-41A2-812E-464BE9170D10}"
EndProject
Project("{FAE04EC0-301F-11D3-BF4B-00C04F79EFBC}") = "ch0306_Singleton", "ch0306_Singleton\ch0306_Singleton.csproj", "{12669AE8-4008-4401-A6DD-D8552507AEC9}"
EndProject
Project("{FAE04EC0-301F-11D3-BF4B-00C04F79EFBC}") = "ch0401_Adapter", "ch0401_Adapter\ch0401_Adapter.csproj", "{763F3C45-0F99-434D-9277-18638C5EB4DB}"
EndProject
Project("{FAE04EC0-301F-11D3-BF4B-00C04F79EFBC}") = "ch0402_Bridge", "ch0402_Bridge\ch0402_Bridge.csproj", "{AB3FA9F8-508E-42FC-B093-C86164954637}"
EndProject
Project("{FAE04EC0-301F-11D3-BF4B-00C04F79EFBC}") = "ch0403_Composite", "ch0403_Composite\ch0403_Composite.csproj", "{CB4FA7DF-B3E6-49F5-9BE6-CA2D255154A3}"
EndProject
Project("{FAE04EC0-301F-11D3-BF4B-00C04F79EFBC}") = "ch0404_Decorator", "ch0404_Decorator\ch0404_Decorator.csproj", "{96802A2B-2D25-4819-9410-066BCA57CDCE}"
EndProject
Project("{FAE04EC0-301F-11D3-BF4B-00C04F79EFBC}") = "ch0405_Facade", "ch0405_Facade\ch0405_Facade.csproj", "{D8828BBB-3054-473D-9958-B11E2918D423}"
EndProject
Project("{FAE04EC0-301F-11D3-BF4B-00C04F79EFBC}") = "ch0406_Flyweight", "ch0406_Flyweight\ch0406_Flyweight.csproj", "{EBAC9474-B853-4302-BF70-C1F69DF95A37}"
EndProject
Project("{FAE04EC0-301F-11D3-BF4B-00C04F79EFBC}") = "ch0407_Proxy", "ch0407_Proxy\ch0407_Proxy.csproj", "{462113DD-185F-4017-A9A8-29374BA2AFDE}"
EndProject
Project("{FAE04EC0-301F-11D3-BF4B-00C04F79EFBC}") = "ch0501_ResponsibilityChain", "ch0501_ResponsibilityChain\ch0501_ResponsibilityChain.csproj", "{E317F544-47E8-43E8-B763-367EB17BC3D4}"
EndProject
Project("{FAE04EC0-301F-11D3-BF4B-00C04F79EFBC}") = "ch0502_Command", "ch0502_Command\ch0502_Command.csproj", "{73A6A897-FA38-4E34-A396-9CDFE6EE5B38}"
EndProject
Project("{FAE04EC0-301F-11D3-BF4B-00C04F79EFBC}") = "ch0503_Interpreter", "ch0503_Interpremeter\ch0503_Interpreter.csproj", "{72B9A1FA-96FE-4562-8347-4823D275EEC1}"
EndProject
Project("{FAE04EC0-301F-11D3-BF4B-00C04F79EFBC}") = "ch0504_Iterator", "ch0504_Iterator\ch0504_Iterator.csproj", "{3C7D64BE-A9A9-47C3-9A28-62ACA785A9F9}"
EndProject
Project("{FAE04EC0-301F-11D3-BF4B-00C04F79EFBC}") = "ch0505_Mediator", "ch0505_Mediator\ch0505_Mediator.csproj", "{7E409C5D-8AC5-4D2D-98F4-B39648B4B200}"
EndProject
Project("{FAE04EC0-301F-11D3-BF4B-00C04F79EFBC}") = "ch0506_Memento", "ch0506_Memento\ch0506_Memento.csproj", "{BB058589-C63E-4852-A7CC-96AC25ED8134}"
EndProject
Project("{FAE04EC0-301F-11D3-BF4B-00C04F79EFBC}") = "ch0507_Observer", "ch0507_Observer\ch0507_Observer.csproj", "{A62ADCDB-5260-44AD-B2F6-9C3162AD4928}"
EndProject
Project("{FAE04EC0-301F-11D3-BF4B-00C04F79EFBC}") = "ch0508_State", "ch0508_State\ch0508_State.csproj", "{CE00FCB8-C95B-485F-8344-C93D7EC71A37}"
EndProject
Project("{FAE04EC0-301F-11D3-BF4B-00C04F79EFBC}") = "ch0509_Strategy", "ch0509_Strategy\ch0509_Strategy.csproj", "{61BC43C2-A7C9-4DD7-B4A2-5F0F929C2594}"
EndProject
Project("{FAE04EC0-301F-11D3-BF4B-00C04F79EFBC}") = "ch0510_TemplateMethod", "ch0510_TemplateMethod\ch0510_TemplateMethod.csproj", "{D71AA87E-1C4C-4BD2-8189-00A0F9AC25F4}"
EndProject
Project("{FAE04EC0-301F-11D3-BF4B-00C04F79EFBC}") = "ch0511_Visitor", "ch0511_Visitor\ch0511_Visitor.csproj", "{E2C76381-2475-46F5-9B8B-7BCB3A2B04FE}"
EndProject
Global
	GlobalSection(SolutionConfigurationPlatforms) = preSolution
		Debug|Any CPU = Debug|Any CPU
		Release|Any CPU = Release|Any CPU
	EndGlobalSection
	GlobalSection(ProjectConfigurationPlatforms) = postSolution
		{3A34EBEE-904A-4B06-AF23-2E0DBDCB190F}.Debug|Any CPU.ActiveCfg = Debug|Any CPU
		{3A34EBEE-904A-4B06-AF23-2E0DBDCB190F}.Debug|Any CPU.Build.0 = Debug|Any CPU
		{3A34EBEE-904A-4B06-AF23-2E0DBDCB190F}.Release|Any CPU.ActiveCfg = Release|Any CPU
		{3A34EBEE-904A-4B06-AF23-2E0DBDCB190F}.Release|Any CPU.Build.0 = Release|Any CPU
		{C9856D1F-8C98-436D-A129-D8F7B3185D53}.Debug|Any CPU.ActiveCfg = Debug|Any CPU
		{C9856D1F-8C98-436D-A129-D8F7B3185D53}.Debug|Any CPU.Build.0 = Debug|Any CPU
		{C9856D1F-8C98-436D-A129-D8F7B3185D53}.Release|Any CPU.ActiveCfg = Release|Any CPU
		{C9856D1F-8C98-436D-A129-D8F7B3185D53}.Release|Any CPU.Build.0 = Release|Any CPU
		{CDEB37C8-69DB-43AE-900A-1BBAFE753213}.Debug|Any CPU.ActiveCfg = Debug|Any CPU
		{CDEB37C8-69DB-43AE-900A-1BBAFE753213}.Debug|Any CPU.Build.0 = Debug|Any CPU
		{CDEB37C8-69DB-43AE-900A-1BBAFE753213}.Release|Any CPU.ActiveCfg = Release|Any CPU
		{CDEB37C8-69DB-43AE-900A-1BBAFE753213}.Release|Any CPU.Build.0 = Release|Any CPU
		{C30B9C2F-30A2-4624-8B72-060F513DB4B9}.Debug|Any CPU.ActiveCfg = Debug|Any CPU
		{C30B9C2F-30A2-4624-8B72-060F513DB4B9}.Debug|Any CPU.Build.0 = Debug|Any CPU
		{C30B9C2F-30A2-4624-8B72-060F513DB4B9}.Release|Any CPU.ActiveCfg = Release|Any CPU
		{C30B9C2F-30A2-4624-8B72-060F513DB4B9}.Release|Any CPU.Build.0 = Release|Any CPU
		{B55AD379-0AFF-41A2-812E-464BE9170D10}.Debug|Any CPU.ActiveCfg = Debug|Any CPU
		{B55AD379-0AFF-41A2-812E-464BE9170D10}.Debug|Any CPU.Build.0 = Debug|Any CPU
		{B55AD379-0AFF-41A2-812E-464BE9170D10}.Release|Any CPU.ActiveCfg = Release|Any CPU
		{B55AD379-0AFF-41A2-812E-464BE9170D10}.Release|Any CPU.Build.0 = Release|Any CPU
		{12669AE8-4008-4401-A6DD-D8552507AEC9}.Debug|Any CPU.ActiveCfg = Debug|Any CPU
		{12669AE8-4008-4401-A6DD-D8552507AEC9}.Debug|Any CPU.Build.0 = Debug|Any CPU
		{12669AE8-4008-4401-A6DD-D8552507AEC9}.Release|Any CPU.ActiveCfg = Release|Any CPU
		{12669AE8-4008-4401-A6DD-D8552507AEC9}.Release|Any CPU.Build.0 = Release|Any CPU
		{763F3C45-0F99-434D-9277-18638C5EB4DB}.Debug|Any CPU.ActiveCfg = Debug|Any CPU
		{763F3C45-0F99-434D-9277-18638C5EB4DB}.Debug|Any CPU.Build.0 = Debug|Any CPU
		{763F3C45-0F99-434D-9277-18638C5EB4DB}.Release|Any CPU.ActiveCfg = Release|Any CPU
		{763F3C45-0F99-434D-9277-18638C5EB4DB}.Release|Any CPU.Build.0 = Release|Any CPU
		{AB3FA9F8-508E-42FC-B093-C86164954637}.Debug|Any CPU.ActiveCfg = Debug|Any CPU
		{AB3FA9F8-508E-42FC-B093-C86164954637}.Debug|Any CPU.Build.0 = Debug|Any CPU
		{AB3FA9F8-508E-42FC-B093-C86164954637}.Release|Any CPU.ActiveCfg = Release|Any CPU
		{AB3FA9F8-508E-42FC-B093-C86164954637}.Release|Any CPU.Build.0 = Release|Any CPU
		{CB4FA7DF-B3E6-49F5-9BE6-CA2D255154A3}.Debug|Any CPU.ActiveCfg = Debug|Any CPU
		{CB4FA7DF-B3E6-49F5-9BE6-CA2D255154A3}.Debug|Any CPU.Build.0 = Debug|Any CPU
		{CB4FA7DF-B3E6-49F5-9BE6-CA2D255154A3}.Release|Any CPU.ActiveCfg = Release|Any CPU
		{CB4FA7DF-B3E6-49F5-9BE6-CA2D255154A3}.Release|Any CPU.Build.0 = Release|Any CPU
		{96802A2B-2D25-4819-9410-066BCA57CDCE}.Debug|Any CPU.ActiveCfg = Debug|Any CPU
		{96802A2B-2D25-4819-9410-066BCA57CDCE}.Debug|Any CPU.Build.0 = Debug|Any CPU
		{96802A2B-2D25-4819-9410-066BCA57CDCE}.Release|Any CPU.ActiveCfg = Release|Any CPU
		{96802A2B-2D25-4819-9410-066BCA57CDCE}.Release|Any CPU.Build.0 = Release|Any CPU
		{D8828BBB-3054-473D-9958-B11E2918D423}.Debug|Any CPU.ActiveCfg = Debug|Any CPU
		{D8828BBB-3054-473D-9958-B11E2918D423}.Debug|Any CPU.Build.0 = Debug|Any CPU
		{D8828BBB-3054-473D-9958-B11E2918D423}.Release|Any CPU.ActiveCfg = Release|Any CPU
		{D8828BBB-3054-473D-9958-B11E2918D423}.Release|Any CPU.Build.0 = Release|Any CPU
		{EBAC9474-B853-4302-BF70-C1F69DF95A37}.Debug|Any CPU.ActiveCfg = Debug|Any CPU
		{EBAC9474-B853-4302-BF70-C1F69DF95A37}.Debug|Any CPU.Build.0 = Debug|Any CPU
		{EBAC9474-B853-4302-BF70-C1F69DF95A37}.Release|Any CPU.ActiveCfg = Release|Any CPU
		{EBAC9474-B853-4302-BF70-C1F69DF95A37}.Release|Any CPU.Build.0 = Release|Any CPU
		{462113DD-185F-4017-A9A8-29374BA2AFDE}.Debug|Any CPU.ActiveCfg = Debug|Any CPU
		{462113DD-185F-4017-A9A8-29374BA2AFDE}.Debug|Any CPU.Build.0 = Debug|Any CPU
		{462113DD-185F-4017-A9A8-29374BA2AFDE}.Release|Any CPU.ActiveCfg = Release|Any CPU
		{462113DD-185F-4017-A9A8-29374BA2AFDE}.Release|Any CPU.Build.0 = Release|Any CPU
		{E317F544-47E8-43E8-B763-367EB17BC3D4}.Debug|Any CPU.ActiveCfg = Debug|Any CPU
		{E317F544-47E8-43E8-B763-367EB17BC3D4}.Debug|Any CPU.Build.0 = Debug|Any CPU
		{E317F544-47E8-43E8-B763-367EB17BC3D4}.Release|Any CPU.ActiveCfg = Release|Any CPU
		{E317F544-47E8-43E8-B763-367EB17BC3D4}.Release|Any CPU.Build.0 = Release|Any CPU
		{73A6A897-FA38-4E34-A396-9CDFE6EE5B38}.Debug|Any CPU.ActiveCfg = Debug|Any CPU
		{73A6A897-FA38-4E34-A396-9CDFE6EE5B38}.Debug|Any CPU.Build.0 = Debug|Any CPU
		{73A6A897-FA38-4E34-A396-9CDFE6EE5B38}.Release|Any CPU.ActiveCfg = Release|Any CPU
		{73A6A897-FA38-4E34-A396-9CDFE6EE5B38}.Release|Any CPU.Build.0 = Release|Any CPU
		{72B9A1FA-96FE-4562-8347-4823D275EEC1}.Debug|Any CPU.ActiveCfg = Debug|Any CPU
		{72B9A1FA-96FE-4562-8347-4823D275EEC1}.Debug|Any CPU.Build.0 = Debug|Any CPU
		{72B9A1FA-96FE-4562-8347-4823D275EEC1}.Release|Any CPU.ActiveCfg = Release|Any CPU
		{72B9A1FA-96FE-4562-8347-4823D275EEC1}.Release|Any CPU.Build.0 = Release|Any CPU
		{3C7D64BE-A9A9-47C3-9A28-62ACA785A9F9}.Debug|Any CPU.ActiveCfg = Debug|Any CPU
		{3C7D64BE-A9A9-47C3-9A28-62ACA785A9F9}.Debug|Any CPU.Build.0 = Debug|Any CPU
		{3C7D64BE-A9A9-47C3-9A28-62ACA785A9F9}.Release|Any CPU.ActiveCfg = Release|Any CPU
		{3C7D64BE-A9A9-47C3-9A28-62ACA785A9F9}.Release|Any CPU.Build.0 = Release|Any CPU
		{7E409C5D-8AC5-4D2D-98F4-B39648B4B200}.Debug|Any CPU.ActiveCfg = Debug|Any CPU
		{7E409C5D-8AC5-4D2D-98F4-B39648B4B200}.Debug|Any CPU.Build.0 = Debug|Any CPU
		{7E409C5D-8AC5-4D2D-98F4-B39648B4B200}.Release|Any CPU.ActiveCfg = Release|Any CPU
		{7E409C5D-8AC5-4D2D-98F4-B39648B4B200}.Release|Any CPU.Build.0 = Release|Any CPU
		{BB058589-C63E-4852-A7CC-96AC25ED8134}.Debug|Any CPU.ActiveCfg = Debug|Any CPU
		{BB058589-C63E-4852-A7CC-96AC25ED8134}.Debug|Any CPU.Build.0 = Debug|Any CPU
		{BB058589-C63E-4852-A7CC-96AC25ED8134}.Release|Any CPU.ActiveCfg = Release|Any CPU
		{BB058589-C63E-4852-A7CC-96AC25ED8134}.Release|Any CPU.Build.0 = Release|Any CPU
		{A62ADCDB-5260-44AD-B2F6-9C3162AD4928}.Debug|Any CPU.ActiveCfg = Debug|Any CPU
		{A62ADCDB-5260-44AD-B2F6-9C3162AD4928}.Debug|Any CPU.Build.0 = Debug|Any CPU
		{A62ADCDB-5260-44AD-B2F6-9C3162AD4928}.Release|Any CPU.ActiveCfg = Release|Any CPU
		{A62ADCDB-5260-44AD-B2F6-9C3162AD4928}.Release|Any CPU.Build.0 = Release|Any CPU
		{CE00FCB8-C95B-485F-8344-C93D7EC71A37}.Debug|Any CPU.ActiveCfg = Debug|Any CPU
		{CE00FCB8-C95B-485F-8344-C93D7EC71A37}.Debug|Any CPU.Build.0 = Debug|Any CPU
		{CE00FCB8-C95B-485F-8344-C93D7EC71A37}.Release|Any CPU.ActiveCfg = Release|Any CPU
		{CE00FCB8-C95B-485F-8344-C93D7EC71A37}.Release|Any CPU.Build.0 = Release|Any CPU
		{61BC43C2-A7C9-4DD7-B4A2-5F0F929C2594}.Debug|Any CPU.ActiveCfg = Debug|Any CPU
		{61BC43C2-A7C9-4DD7-B4A2-5F0F929C2594}.Debug|Any CPU.Build.0 = Debug|Any CPU
		{61BC43C2-A7C9-4DD7-B4A2-5F0F929C2594}.Release|Any CPU.ActiveCfg = Release|Any CPU
		{61BC43C2-A7C9-4DD7-B4A2-5F0F929C2594}.Release|Any CPU.Build.0 = Release|Any CPU
		{D71AA87E-1C4C-4BD2-8189-00A0F9AC25F4}.Debug|Any CPU.ActiveCfg = Debug|Any CPU
		{D71AA87E-1C4C-4BD2-8189-00A0F9AC25F4}.Debug|Any CPU.Build.0 = Debug|Any CPU
		{D71AA87E-1C4C-4BD2-8189-00A0F9AC25F4}.Release|Any CPU.ActiveCfg = Release|Any CPU
		{D71AA87E-1C4C-4BD2-8189-00A0F9AC25F4}.Release|Any CPU.Build.0 = Release|Any CPU
		{E2C76381-2475-46F5-9B8B-7BCB3A2B04FE}.Debug|Any CPU.ActiveCfg = Debug|Any CPU
		{E2C76381-2475-46F5-9B8B-7BCB3A2B04FE}.Debug|Any CPU.Build.0 = Debug|Any CPU
		{E2C76381-2475-46F5-9B8B-7BCB3A2B04FE}.Release|Any CPU.ActiveCfg = Release|Any CPU
		{E2C76381-2475-46F5-9B8B-7BCB3A2B04FE}.Release|Any CPU.Build.0 = Release|Any CPU
	EndGlobalSection
	GlobalSection(SolutionProperties) = preSolution
		HideSolutionNode = FALSE
	EndGlobalSection
	GlobalSection(NestedProjects) = preSolution
		{3A34EBEE-904A-4B06-AF23-2E0DBDCB190F} = {5706856B-6049-4AE8-B7E1-68B92E51950B}
		{C9856D1F-8C98-436D-A129-D8F7B3185D53} = {5706856B-6049-4AE8-B7E1-68B92E51950B}
		{CDEB37C8-69DB-43AE-900A-1BBAFE753213} = {5706856B-6049-4AE8-B7E1-68B92E51950B}
		{C30B9C2F-30A2-4624-8B72-060F513DB4B9} = {5706856B-6049-4AE8-B7E1-68B92E51950B}
		{B55AD379-0AFF-41A2-812E-464BE9170D10} = {5706856B-6049-4AE8-B7E1-68B92E51950B}
		{12669AE8-4008-4401-A6DD-D8552507AEC9} = {5706856B-6049-4AE8-B7E1-68B92E51950B}
		{763F3C45-0F99-434D-9277-18638C5EB4DB} = {10596DAB-90A4-4F82-8D5D-BEAE99B58381}
		{AB3FA9F8-508E-42FC-B093-C86164954637} = {10596DAB-90A4-4F82-8D5D-BEAE99B58381}
		{CB4FA7DF-B3E6-49F5-9BE6-CA2D255154A3} = {10596DAB-90A4-4F82-8D5D-BEAE99B58381}
		{96802A2B-2D25-4819-9410-066BCA57CDCE} = {10596DAB-90A4-4F82-8D5D-BEAE99B58381}
		{D8828BBB-3054-473D-9958-B11E2918D423} = {10596DAB-90A4-4F82-8D5D-BEAE99B58381}
		{EBAC9474-B853-4302-BF70-C1F69DF95A37} = {10596DAB-90A4-4F82-8D5D-BEAE99B58381}
		{462113DD-185F-4017-A9A8-29374BA2AFDE} = {10596DAB-90A4-4F82-8D5D-BEAE99B58381}
		{E317F544-47E8-43E8-B763-367EB17BC3D4} = {575C8E6F-5B6E-4A98-9BD2-CA2081A7C3B2}
		{73A6A897-FA38-4E34-A396-9CDFE6EE5B38} = {575C8E6F-5B6E-4A98-9BD2-CA2081A7C3B2}
		{72B9A1FA-96FE-4562-8347-4823D275EEC1} = {575C8E6F-5B6E-4A98-9BD2-CA2081A7C3B2}
		{3C7D64BE-A9A9-47C3-9A28-62ACA785A9F9} = {575C8E6F-5B6E-4A98-9BD2-CA2081A7C3B2}
		{7E409C5D-8AC5-4D2D-98F4-B39648B4B200} = {575C8E6F-5B6E-4A98-9BD2-CA2081A7C3B2}
		{BB058589-C63E-4852-A7CC-96AC25ED8134} = {575C8E6F-5B6E-4A98-9BD2-CA2081A7C3B2}
		{A62ADCDB-5260-44AD-B2F6-9C3162AD4928} = {575C8E6F-5B6E-4A98-9BD2-CA2081A7C3B2}
		{CE00FCB8-C95B-485F-8344-C93D7EC71A37} = {575C8E6F-5B6E-4A98-9BD2-CA2081A7C3B2}
		{61BC43C2-A7C9-4DD7-B4A2-5F0F929C2594} = {575C8E6F-5B6E-4A98-9BD2-CA2081A7C3B2}
		{D71AA87E-1C4C-4BD2-8189-00A0F9AC25F4} = {575C8E6F-5B6E-4A98-9BD2-CA2081A7C3B2}
		{E2C76381-2475-46F5-9B8B-7BCB3A2B04FE} = {575C8E6F-5B6E-4A98-9BD2-CA2081A7C3B2}
	EndGlobalSection
EndGlobal
